{
    "_meta": {
        "hash": {
            "sha256": "73f6da6e9374a57ce8dca0fcac56c6b6a67c60b0066876d0434f90c56fbd8f36"
        },
        "pipfile-spec": 6,
        "requires": {
            "python_version": "3.8"
        },
        "sources": [
            {
                "name": "pypi",
                "url": "https://pypi.org/simple",
                "verify_ssl": true
            }
        ]
    },
    "default": {},
    "develop": {}
}
